
Microsoft Visual Studio Solution File, Format Version 12.00
# Visual Studio Version 16
VisualStudioVersion = 16.0.29709.97
MinimumVisualStudioVersion = 10.0.40219.1
Project("{FAE04EC0-301F-11D3-BF4B-00C04F79EFBC}") = "sell-trainTickets", "sell-trainTickets\sell-trainTickets.csproj", "{92FCA105-C98C-4106-8CE5-4B27A259A0BF}"
EndProject
Global
	GlobalSection(SolutionConfigurationPlatforms) = preSolution
		Debug|Any CPU = Debug|Any CPU
		Release|Any CPU = Release|Any CPU
	EndGlobalSection
	GlobalSection(ProjectConfigurationPlatforms) = postSolution
		{92FCA105-C98C-4106-8CE5-4B27A259A0BF}.Debug|Any CPU.ActiveCfg = Debug|Any CPU
		{92FCA105-C98C-4106-8CE5-4B27A259A0BF}.Debug|Any CPU.Build.0 = Debug|Any CPU
		{92FCA105-C98C-4106-8CE5-4B27A259A0BF}.Release|Any CPU.ActiveCfg = Release|Any CPU
		{92FCA105-C98C-4106-8CE5-4B27A259A0BF}.Release|Any CPU.Build.0 = Release|Any CPU
	EndGlobalSection
	GlobalSection(SolutionProperties) = preSolution
		HideSolutionNode = FALSE
	EndGlobalSection
	GlobalSection(ExtensibilityGlobals) = postSolution
		SolutionGuid = {54567F01-8E52-4CF2-8612-6EE9A8EDC684}
	EndGlobalSection
EndGlobal
