
Microsoft Visual Studio Solution File, Format Version 12.00
# Visual Studio Version 16
VisualStudioVersion = 16.0.29709.97
MinimumVisualStudioVersion = 10.0.40219.1
Project("{FAE04EC0-301F-11D3-BF4B-00C04F79EFBC}") = "TestApp", "TeatApp\TestApp.csproj", "{B87A008E-6B23-4870-8FD2-138BEB56427F}"
EndProject
Global
	GlobalSection(SolutionConfigurationPlatforms) = preSolution
		Debug|Any CPU = Debug|Any CPU
		Release|Any CPU = Release|Any CPU
	EndGlobalSection
	GlobalSection(ProjectConfigurationPlatforms) = postSolution
		{B87A008E-6B23-4870-8FD2-138BEB56427F}.Debug|Any CPU.ActiveCfg = Debug|Any CPU
		{B87A008E-6B23-4870-8FD2-138BEB56427F}.Debug|Any CPU.Build.0 = Debug|Any CPU
		{B87A008E-6B23-4870-8FD2-138BEB56427F}.Release|Any CPU.ActiveCfg = Release|Any CPU
		{B87A008E-6B23-4870-8FD2-138BEB56427F}.Release|Any CPU.Build.0 = Release|Any CPU
	EndGlobalSection
	GlobalSection(SolutionProperties) = preSolution
		HideSolutionNode = FALSE
	EndGlobalSection
	GlobalSection(ExtensibilityGlobals) = postSolution
		SolutionGuid = {9488B145-955A-428F-968F-437E2C6D9536}
	EndGlobalSection
EndGlobal
